[[package]]
name = "pillow"
version = "9.3.0"
description = "Python Imaging Library (Fork)"
category = "main"
optional = false
python-versions = ">=3.7"

[package.extras]
docs = ["furo", "olefile", "sphinx (>=2.4)", "sphinx-copybutton", "sphinx-issues (>=3.0.1)", "sphinx-removed-in", "sphinxext-opengraph"]
tests = ["check-manifest", "coverage", "defusedxml", "markdown2", "olefile", "packaging", "pyroma", "pytest", "pytest-cov", "pytest-timeout"]

[[package]]
name = "protobuf"
version = "4.21.12"
description = ""
category = "main"
optional = false
python-versions = ">=3.7"

[[package]]
name = "pyzbar"
version = "0.1.9"
description = "Read one-dimensional barcodes and QR codes from Python 2 and 3."
category = "main"
optional = false
python-versions = "*"

[package.extras]
scripts = ["Pillow (>=3.2.0)"]

[metadata]
lock-version = "1.1"
python-versions = "^3.10"
content-hash = "0b0c0bea36cc450b45b06f8a44acd5735fbc71c8c6c6887bae2eb6667f7ee7fd"

[metadata.files]
pillow = []
protobuf = []
pyzbar = []
